
Microsoft Visual Studio Solution File, Format Version 12.00
# Visual Studio 14
VisualStudioVersion = 14.0.25420.1
MinimumVisualStudioVersion = 10.0.40219.1
Project("{FAE04EC0-301F-11D3-BF4B-00C04F79EFBC}") = "AspIT.Utils", "AspIT.Utils\AspIT.Utils.csproj", "{AEA315BC-B9FC-4D3E-A68F-D549ED32B4A7}"
EndProject
Project("{2150E333-8FDC-42A3-9474-1A3956D46DE8}") = "Tests", "Tests", "{5B5F48B3-A17D-4A1B-83E1-85E926B775DA}"
EndProject
Project("{FAE04EC0-301F-11D3-BF4B-00C04F79EFBC}") = "AspIT.Utils.Tests", "AspIT.Utils.Tests\AspIT.Utils.Tests.csproj", "{F3ABE294-0A00-46D3-98B6-53FF23D3658F}"
EndProject
Project("{FAE04EC0-301F-11D3-BF4B-00C04F79EFBC}") = "AspIT.Utils.Numerics", "AspIT.Utils.Numerics\AspIT.Utils.Numerics.csproj", "{874A98B8-3365-453F-AA60-858FD35CE29D}"
EndProject

Project("{FAE04EC0-301F-11D3-BF4B-00C04F79EFBC}") = "AspIT.Utils.Numerics.Tests", "AspIT.Utils.Numerics.Tests\AspIT.Utils.Numerics.Tests.csproj", "{3E22F973-DC5C-46C8-A597-D607B4AAC56F}"

Project("{FAE04EC0-301F-11D3-BF4B-00C04F79EFBC}") = "AspIT.Utils.CommonBusinessTypes", "AspIT.Utils.CommonBusinessTypes\AspIT.Utils.CommonBusinessTypes.csproj", "{B8E73062-9031-455A-B67E-FF286D8A222C}"
EndProject
Project("{FAE04EC0-301F-11D3-BF4B-00C04F79EFBC}") = "AspIT.Utils.CommonBusinessRules", "AspIT.Utils.CommonBusinessRules\AspIT.Utils.CommonBusinessRules.csproj", "{D7240C45-9E8A-43FE-8FFA-46444EA9B818}"
EndProject
Project("{FAE04EC0-301F-11D3-BF4B-00C04F79EFBC}") = "AspIT.Utils.CommonBusinessRules.Tests", "AspIT.Utils.CommonBusinessRules.Tests\AspIT.Utils.CommonBusinessRules.Tests.csproj", "{2EAF876E-49C2-4F73-9056-3D231D82630F}"
EndProject
Project("{FAE04EC0-301F-11D3-BF4B-00C04F79EFBC}") = "AspIT.Utils.CommonBusinessTypes.Tests", "AspIT.Utils.CommonBusinessTypes.Tests\AspIT.Utils.CommonBusinessTypes.Tests.csproj", "{67C53366-4098-4D27-B5D8-6911CF4082F4}"

Project("{F184B08F-C81C-45F6-A57F-5ABD9991F28F}") = "AspIT.Utils.VbCommonBusinessRules", "AspIT.Utils.VbCommonBusinessRules\AspIT.Utils.VbCommonBusinessRules.vbproj", "{E8183176-5B6D-4479-A2A3-1526C987B87F}"

EndProject
Project("{2150E333-8FDC-42A3-9474-1A3956D46DE8}") = "Models", "Models", "{C255CDB3-0BD7-4354-AB60-ECE21A28C6BB}"
EndProject
Project("{F088123C-0E9E-452A-89E6-6BA2F21D5CAC}") = "AspIT.Utils.Models.Persistence", "AspIT.Utils.Models.Persistence\AspIT.Utils.Models.Persistence.modelproj", "{BF868638-7522-41B3-B45F-E2EA953182F6}"
EndProject
Project("{FAE04EC0-301F-11D3-BF4B-00C04F79EFBC}") = "AspIT.Utils.Collections", "AspIT.Utils.Collections\AspIT.Utils.Collections.csproj", "{41099DBA-16CA-4316-9E8A-C98855D31B32}"
EndProject
Global
	GlobalSection(SolutionConfigurationPlatforms) = preSolution
		Debug|Any CPU = Debug|Any CPU
		Release|Any CPU = Release|Any CPU
	EndGlobalSection
	GlobalSection(ProjectConfigurationPlatforms) = postSolution
		{AEA315BC-B9FC-4D3E-A68F-D549ED32B4A7}.Debug|Any CPU.ActiveCfg = Debug|Any CPU
		{AEA315BC-B9FC-4D3E-A68F-D549ED32B4A7}.Debug|Any CPU.Build.0 = Debug|Any CPU
		{AEA315BC-B9FC-4D3E-A68F-D549ED32B4A7}.Release|Any CPU.ActiveCfg = Release|Any CPU
		{AEA315BC-B9FC-4D3E-A68F-D549ED32B4A7}.Release|Any CPU.Build.0 = Release|Any CPU
		{F3ABE294-0A00-46D3-98B6-53FF23D3658F}.Debug|Any CPU.ActiveCfg = Debug|Any CPU
		{F3ABE294-0A00-46D3-98B6-53FF23D3658F}.Debug|Any CPU.Build.0 = Debug|Any CPU
		{F3ABE294-0A00-46D3-98B6-53FF23D3658F}.Release|Any CPU.ActiveCfg = Release|Any CPU
		{F3ABE294-0A00-46D3-98B6-53FF23D3658F}.Release|Any CPU.Build.0 = Release|Any CPU
		{874A98B8-3365-453F-AA60-858FD35CE29D}.Debug|Any CPU.ActiveCfg = Debug|Any CPU
		{874A98B8-3365-453F-AA60-858FD35CE29D}.Debug|Any CPU.Build.0 = Debug|Any CPU
		{874A98B8-3365-453F-AA60-858FD35CE29D}.Release|Any CPU.ActiveCfg = Release|Any CPU
		{874A98B8-3365-453F-AA60-858FD35CE29D}.Release|Any CPU.Build.0 = Release|Any CPU

		{3E22F973-DC5C-46C8-A597-D607B4AAC56F}.Debug|Any CPU.ActiveCfg = Debug|Any CPU
		{3E22F973-DC5C-46C8-A597-D607B4AAC56F}.Debug|Any CPU.Build.0 = Debug|Any CPU
		{3E22F973-DC5C-46C8-A597-D607B4AAC56F}.Release|Any CPU.ActiveCfg = Release|Any CPU
		{3E22F973-DC5C-46C8-A597-D607B4AAC56F}.Release|Any CPU.Build.0 = Release|Any CPU

		{B8E73062-9031-455A-B67E-FF286D8A222C}.Debug|Any CPU.ActiveCfg = Debug|Any CPU
		{B8E73062-9031-455A-B67E-FF286D8A222C}.Debug|Any CPU.Build.0 = Debug|Any CPU
		{B8E73062-9031-455A-B67E-FF286D8A222C}.Release|Any CPU.ActiveCfg = Release|Any CPU
		{B8E73062-9031-455A-B67E-FF286D8A222C}.Release|Any CPU.Build.0 = Release|Any CPU
		{D7240C45-9E8A-43FE-8FFA-46444EA9B818}.Debug|Any CPU.ActiveCfg = Debug|Any CPU
		{D7240C45-9E8A-43FE-8FFA-46444EA9B818}.Debug|Any CPU.Build.0 = Debug|Any CPU
		{D7240C45-9E8A-43FE-8FFA-46444EA9B818}.Release|Any CPU.ActiveCfg = Release|Any CPU
		{D7240C45-9E8A-43FE-8FFA-46444EA9B818}.Release|Any CPU.Build.0 = Release|Any CPU
		{2EAF876E-49C2-4F73-9056-3D231D82630F}.Debug|Any CPU.ActiveCfg = Debug|Any CPU
		{2EAF876E-49C2-4F73-9056-3D231D82630F}.Debug|Any CPU.Build.0 = Debug|Any CPU
		{2EAF876E-49C2-4F73-9056-3D231D82630F}.Release|Any CPU.ActiveCfg = Release|Any CPU
		{2EAF876E-49C2-4F73-9056-3D231D82630F}.Release|Any CPU.Build.0 = Release|Any CPU
		{67C53366-4098-4D27-B5D8-6911CF4082F4}.Debug|Any CPU.ActiveCfg = Debug|Any CPU
		{67C53366-4098-4D27-B5D8-6911CF4082F4}.Debug|Any CPU.Build.0 = Debug|Any CPU
		{67C53366-4098-4D27-B5D8-6911CF4082F4}.Release|Any CPU.ActiveCfg = Release|Any CPU
		{67C53366-4098-4D27-B5D8-6911CF4082F4}.Release|Any CPU.Build.0 = Release|Any CPU
		{E8183176-5B6D-4479-A2A3-1526C987B87F}.Debug|Any CPU.ActiveCfg = Debug|Any CPU
		{E8183176-5B6D-4479-A2A3-1526C987B87F}.Debug|Any CPU.Build.0 = Debug|Any CPU
		{E8183176-5B6D-4479-A2A3-1526C987B87F}.Release|Any CPU.ActiveCfg = Release|Any CPU
		{E8183176-5B6D-4479-A2A3-1526C987B87F}.Release|Any CPU.Build.0 = Release|Any CPU
		{BF868638-7522-41B3-B45F-E2EA953182F6}.Debug|Any CPU.ActiveCfg = Debug|Any CPU
		{BF868638-7522-41B3-B45F-E2EA953182F6}.Debug|Any CPU.Build.0 = Debug|Any CPU
		{BF868638-7522-41B3-B45F-E2EA953182F6}.Release|Any CPU.ActiveCfg = Release|Any CPU
		{BF868638-7522-41B3-B45F-E2EA953182F6}.Release|Any CPU.Build.0 = Release|Any CPU
		{41099DBA-16CA-4316-9E8A-C98855D31B32}.Debug|Any CPU.ActiveCfg = Debug|Any CPU
		{41099DBA-16CA-4316-9E8A-C98855D31B32}.Debug|Any CPU.Build.0 = Debug|Any CPU
		{41099DBA-16CA-4316-9E8A-C98855D31B32}.Release|Any CPU.ActiveCfg = Release|Any CPU
		{41099DBA-16CA-4316-9E8A-C98855D31B32}.Release|Any CPU.Build.0 = Release|Any CPU
	EndGlobalSection
	GlobalSection(SolutionProperties) = preSolution
		HideSolutionNode = FALSE
	EndGlobalSection
	GlobalSection(NestedProjects) = preSolution
		{F3ABE294-0A00-46D3-98B6-53FF23D3658F} = {5B5F48B3-A17D-4A1B-83E1-85E926B775DA}

		{3E22F973-DC5C-46C8-A597-D607B4AAC56F} = {5B5F48B3-A17D-4A1B-83E1-85E926B775DA}

		{2EAF876E-49C2-4F73-9056-3D231D82630F} = {5B5F48B3-A17D-4A1B-83E1-85E926B775DA}
		{BF868638-7522-41B3-B45F-E2EA953182F6} = {C255CDB3-0BD7-4354-AB60-ECE21A28C6BB}
		{67C53366-4098-4D27-B5D8-6911CF4082F4} = {5B5F48B3-A17D-4A1B-83E1-85E926B775DA}
	EndGlobalSection
EndGlobal
